
Microsoft Visual Studio Solution File, Format Version 12.00
# Visual Studio Version 17
VisualStudioVersion = 17.10.35013.160
MinimumVisualStudioVersion = 10.0.40219.1
Project("{FAE04EC0-301F-11D3-BF4B-00C04F79EFBC}") = "Tour and Tourism", "Tour and Tourism\Tour and Tourism.csproj", "{E1B13394-67BF-4FAB-817C-90E4ECCF7910}"
EndProject
Global
	GlobalSection(SolutionConfigurationPlatforms) = preSolution
		Debug|Any CPU = Debug|Any CPU
		Release|Any CPU = Release|Any CPU
	EndGlobalSection
	GlobalSection(ProjectConfigurationPlatforms) = postSolution
		{E1B13394-67BF-4FAB-817C-90E4ECCF7910}.Debug|Any CPU.ActiveCfg = Debug|Any CPU
		{E1B13394-67BF-4FAB-817C-90E4ECCF7910}.Debug|Any CPU.Build.0 = Debug|Any CPU
		{E1B13394-67BF-4FAB-817C-90E4ECCF7910}.Release|Any CPU.ActiveCfg = Release|Any CPU
		{E1B13394-67BF-4FAB-817C-90E4ECCF7910}.Release|Any CPU.Build.0 = Release|Any CPU
	EndGlobalSection
	GlobalSection(SolutionProperties) = preSolution
		HideSolutionNode = FALSE
	EndGlobalSection
	GlobalSection(ExtensibilityGlobals) = postSolution
		SolutionGuid = {EB3B03E2-D6EE-4810-93E8-F0296DB2B468}
	EndGlobalSection
EndGlobal
